// !$*UTF8*$!
{
	archiveVersion = 1;
	classes = {
	};
	objectVersion = 55;
	objects = {

/* Begin PBXBuildFile section */
		FEFADBD12721663700DAEAFA /* AppDelegate.swift in Sources */ = {isa = PBXBuildFile; fileRef = FEFADBD02721663700DAEAFA /* AppDelegate.swift */; };
		FEFADBD32721663700DAEAFA /* SceneDelegate.swift in Sources */ = {isa = PBXBuildFile; fileRef = FEFADBD22721663700DAEAFA /* SceneDelegate.swift */; };
		FEFADBD52721663700DAEAFA /* ViewController.swift in Sources */ = {isa = PBXBuildFile; fileRef = FEFADBD42721663700DAEAFA /* ViewController.swift */; };
		FEFADBD82721663700DAEAFA /* Main.storyboard in Resources */ = {isa = PBXBuildFile; fileRef = FEFADBD62721663700DAEAFA /* Main.storyboard */; };
		FEFADBDA2721663B00DAEAFA /* Assets.xcassets in Resources */ = {isa = PBXBuildFile; fileRef = FEFADBD92721663B00DAEAFA /* Assets.xcassets */; };
		FEFADBDD2721663B00DAEAFA /* LaunchScreen.storyboard in Resources */ = {isa = PBXBuildFile; fileRef = FEFADBDB2721663B00DAEAFA /* LaunchScreen.storyboard */; };
		FEFADBE82721663B00DAEAFA /* JTAppleCalendarDemoTests.swift in Sources */ = {isa = PBXBuildFile; fileRef = FEFADBE72721663B00DAEAFA /* JTAppleCalendarDemoTests.swift */; };
		FEFADBF22721663B00DAEAFA /* JTAppleCalendarDemoUITests.swift in Sources */ = {isa = PBXBuildFile; fileRef = FEFADBF12721663B00DAEAFA /* JTAppleCalendarDemoUITests.swift */; };
		FEFADBF42721663B00DAEAFA /* JTAppleCalendarDemoUITestsLaunchTests.swift in Sources */ = {isa = PBXBuildFile; fileRef = FEFADBF32721663B00DAEAFA /* JTAppleCalendarDemoUITestsLaunchTests.swift */; };
/* End PBXBuildFile section */

/* Begin PBXContainerItemProxy section */
		FEFADBE42721663B00DAEAFA /* PBXContainerItemProxy */ = {
			isa = PBXContainerItemProxy;
			containerPortal = FEFADBC52721663700DAEAFA /* Project object */;
			proxyType = 1;
			remoteGlobalIDString = FEFADBCC2721663700DAEAFA;
			remoteInfo = JTAppleCalendarDemo;
		};
		FEFADBEE2721663B00DAEAFA /* PBXContainerItemProxy */ = {
			isa = PBXContainerItemProxy;
			containerPortal = FEFADBC52721663700DAEAFA /* Project object */;
			proxyType = 1;
			remoteGlobalIDString = FEFADBCC2721663700DAEAFA;
			remoteInfo = JTAppleCalendarDemo;
		};
/* End PBXContainerItemProxy section */

/* Begin PBXFileReference section */
		FEFADBCD2721663700DAEAFA /* JTAppleCalendarDemo.app */ = {isa = PBXFileReference; explicitFileType = wrapper.application; includeInIndex = 0; path = JTAppleCalendarDemo.app; sourceTree = BUILT_PRODUCTS_DIR; };
		FEFADBD02721663700DAEAFA /* AppDelegate.swift */ = {isa = PBXFileReference; lastKnownFileType = sourcecode.swift; path = AppDelegate.swift; sourceTree = "<group>"; };
		FEFADBD22721663700DAEAFA /* SceneDelegate.swift */ = {isa = PBXFileReference; lastKnownFileType = sourcecode.swift; path = SceneDelegate.swift; sourceTree = "<group>"; };
		FEFADBD42721663700DAEAFA /* ViewController.swift */ = {isa = PBXFileReference; lastKnownFileType = sourcecode.swift; path = ViewController.swift; sourceTree = "<group>"; };
		FEFADBD72721663700DAEAFA /* Base */ = {isa = PBXFileReference; lastKnownFileType = file.storyboard; name = Base; path = Base.lproj/Main.storyboard; sourceTree = "<group>"; };
		FEFADBD92721663B00DAEAFA /* Assets.xcassets */ = {isa = PBXFileReference; lastKnownFileType = folder.assetcatalog; path = Assets.xcassets; sourceTree = "<group>"; };
		FEFADBDC2721663B00DAEAFA /* Base */ = {isa = PBXFileReference; lastKnownFileType = file.storyboard; name = Base; path = Base.lproj/LaunchScreen.storyboard; sourceTree = "<group>"; };
		FEFADBDE2721663B00DAEAFA /* Info.plist */ = {isa = PBXFileReference; lastKnownFileType = text.plist.xml; path = Info.plist; sourceTree = "<group>"; };
		FEFADBE32721663B00DAEAFA /* JTAppleCalendarDemoTests.xctest */ = {isa = PBXFileReference; explicitFileType = wrapper.cfbundle; includeInIndex = 0; path = JTAppleCalendarDemoTests.xctest; sourceTree = BUILT_PRODUCTS_DIR; };
		FEFADBE72721663B00DAEAFA /* JTAppleCalendarDemoTests.swift */ = {isa = PBXFileReference; lastKnownFileType = sourcecode.swift; path = JTAppleCalendarDemoTests.swift; sourceTree = "<group>"; };
		FEFADBED2721663B00DAEAFA /* JTAppleCalendarDemoUITests.xctest */ = {isa = PBXFileReference; explicitFileType = wrapper.cfbundle; includeInIndex = 0; path = JTAppleCalendarDemoUITests.xctest; sourceTree = BUILT_PRODUCTS_DIR; };
		FEFADBF12721663B00DAEAFA /* JTAppleCalendarDemoUITests.swift */ = {isa = PBXFileReference; lastKnownFileType = sourcecode.swift; path = JTAppleCalendarDemoUITests.swift; sourceTree = "<group>"; };
		FEFADBF32721663B00DAEAFA /* JTAppleCalendarDemoUITestsLaunchTests.swift */ = {isa = PBXFileReference; lastKnownFileType = sourcecode.swift; path = JTAppleCalendarDemoUITestsLaunchTests.swift; sourceTree = "<group>"; };
/* End PBXFileReference section */

/* Begin PBXFrameworksBuildPhase section */
		FEFADBCA2721663700DAEAFA /* Frameworks */ = {
			isa = PBXFrameworksBuildPhase;
			buildActionMask = 2147483647;
			files = (
			);
			runOnlyForDeploymentPostprocessing = 0;
		};
		FEFADBE02721663B00DAEAFA /* Frameworks */ = {
			isa = PBXFrameworksBuildPhase;
			buildActionMask = 2147483647;
			files = (
			);
			runOnlyForDeploymentPostprocessing = 0;
		};
		FEFADBEA2721663B00DAEAFA /* Frameworks */ = {
			isa = PBXFrameworksBuildPhase;
			buildActionMask = 2147483647;
			files = (
			);
			runOnlyForDeploymentPostprocessing = 0;
		};
/* End PBXFrameworksBuildPhase section */

/* Begin PBXGroup section */
		FEFADBC42721663700DAEAFA = {
			isa = PBXGroup;
			children = (
				FEFADBCF2721663700DAEAFA /* JTAppleCalendarDemo */,
				FEFADBE62721663B00DAEAFA /* JTAppleCalendarDemoTests */,
				FEFADBF02721663B00DAEAFA /* JTAppleCalendarDemoUITests */,
				FEFADBCE2721663700DAEAFA /* Products */,
			);
			sourceTree = "<group>";
		};
		FEFADBCE2721663700DAEAFA /* Products */ = {
			isa = PBXGroup;
			children = (
				FEFADBCD2721663700DAEAFA /* JTAppleCalendarDemo.app */,
				FEFADBE32721663B00DAEAFA /* JTAppleCalendarDemoTests.xctest */,
				FEFADBED2721663B00DAEAFA /* JTAppleCalendarDemoUITests.xctest */,
			);
			name = Products;
			sourceTree = "<group>";
		};
		FEFADBCF2721663700DAEAFA /* JTAppleCalendarDemo */ = {
			isa = PBXGroup;
			children = (
				FEFADBD02721663700DAEAFA /* AppDelegate.swift */,
				FEFADBD22721663700DAEAFA /* SceneDelegate.swift */,
				FEFADBD42721663700DAEAFA /* ViewController.swift */,
				FEFADBD62721663700DAEAFA /* Main.storyboard */,
				FEFADBD92721663B00DAEAFA /* Assets.xcassets */,
				FEFADBDB2721663B00DAEAFA /* LaunchScreen.storyboard */,
				FEFADBDE2721663B00DAEAFA /* Info.plist */,
			);
			path = JTAppleCalendarDemo;
			sourceTree = "<group>";
		};
		FEFADBE62721663B00DAEAFA /* JTAppleCalendarDemoTests */ = {
			isa = PBXGroup;
			children = (
				FEFADBE72721663B00DAEAFA /* JTAppleCalendarDemoTests.swift */,
			);
			path = JTAppleCalendarDemoTests;
			sourceTree = "<group>";
		};
		FEFADBF02721663B00DAEAFA /* JTAppleCalendarDemoUITests */ = {
			isa = PBXGroup;
			children = (
				FEFADBF12721663B00DAEAFA /* JTAppleCalendarDemoUITests.swift */,
				FEFADBF32721663B00DAEAFA /* JTAppleCalendarDemoUITestsLaunchTests.swift */,
			);
			path = JTAppleCalendarDemoUITests;
			sourceTree = "<group>";
		};
/* End PBXGroup section */

/* Begin PBXNativeTarget section */
		FEFADBCC2721663700DAEAFA /* JTAppleCalendarDemo */ = {
			isa = PBXNativeTarget;
			buildConfigurationList = FEFADBF72721663B00DAEAFA /* Build configuration list for PBXNativeTarget "JTAppleCalendarDemo" */;
			buildPhases = (
				FEFADBC92721663700DAEAFA /* Sources */,
				FEFADBCA2721663700DAEAFA /* Frameworks */,
				FEFADBCB2721663700DAEAFA /* Resources */,
			);
			buildRules = (
			);
			dependencies = (
			);
			name = JTAppleCalendarDemo;
			productName = JTAppleCalendarDemo;
			productReference = FEFADBCD2721663700DAEAFA /* JTAppleCalendarDemo.app */;
			productType = "com.apple.product-type.application";
		};
		FEFADBE22721663B00DAEAFA /* JTAppleCalendarDemoTests */ = {
			isa = PBXNativeTarget;
			buildConfigurationList = FEFADBFA2721663B00DAEAFA /* Build configuration list for PBXNativeTarget "JTAppleCalendarDemoTests" */;
			buildPhases = (
				FEFADBDF2721663B00DAEAFA /* Sources */,
				FEFADBE02721663B00DAEAFA /* Frameworks */,
				FEFADBE12721663B00DAEAFA /* Resources */,
			);
			buildRules = (
			);
			dependencies = (
				FEFADBE52721663B00DAEAFA /* PBXTargetDependency */,
			);
			name = JTAppleCalendarDemoTests;
			productName = JTAppleCalendarDemoTests;
			productReference = FEFADBE32721663B00DAEAFA /* JTAppleCalendarDemoTests.xctest */;
			productType = "com.apple.product-type.bundle.unit-test";
		};
		FEFADBEC2721663B00DAEAFA /* JTAppleCalendarDemoUITests */ = {
			isa = PBXNativeTarget;
			buildConfigurationList = FEFADBFD2721663B00DAEAFA /* Build configuration list for PBXNativeTarget "JTAppleCalendarDemoUITests" */;
			buildPhases = (
				FEFADBE92721663B00DAEAFA /* Sources */,
				FEFADBEA2721663B00DAEAFA /* Frameworks */,
				FEFADBEB2721663B00DAEAFA /* Resources */,
			);
			buildRules = (
			);
			dependencies = (
				FEFADBEF2721663B00DAEAFA /* PBXTargetDependency */,
			);
			name = JTAppleCalendarDemoUITests;
			productName = JTAppleCalendarDemoUITests;
			productReference = FEFADBED2721663B00DAEAFA /* JTAppleCalendarDemoUITests.xctest */;
			productType = "com.apple.product-type.bundle.ui-testing";
		};
/* End PBXNativeTarget section */

/* Begin PBXProject section */
		FEFADBC52721663700DAEAFA /* Project object */ = {
			isa = PBXProject;
			attributes = {
				BuildIndependentTargetsInParallel = 1;
				LastSwiftUpdateCheck = 1300;
				LastUpgradeCheck = 1300;
				TargetAttributes = {
					FEFADBCC2721663700DAEAFA = {
						CreatedOnToolsVersion = 13.0;
					};
					FEFADBE22721663B00DAEAFA = {
						CreatedOnToolsVersion = 13.0;
						TestTargetID = FEFADBCC2721663700DAEAFA;
					};
					FEFADBEC2721663B00DAEAFA = {
						CreatedOnToolsVersion = 13.0;
						TestTargetID = FEFADBCC2721663700DAEAFA;
					};
				};
			};
			buildConfigurationList = FEFADBC82721663700DAEAFA /* Build configuration list for PBXProject "JTAppleCalendarDemo" */;
			compatibilityVersion = "Xcode 13.0";
			developmentRegion = en;
			hasScannedForEncodings = 0;
			knownRegions = (
				en,
				Base,
			);
			mainGroup = FEFADBC42721663700DAEAFA;
			productRefGroup = FEFADBCE2721663700DAEAFA /* Products */;
			projectDirPath = "";
			projectRoot = "";
			targets = (
				FEFADBCC2721663700DAEAFA /* JTAppleCalendarDemo */,
				FEFADBE22721663B00DAEAFA /* JTAppleCalendarDemoTests */,
				FEFADBEC2721663B00DAEAFA /* JTAppleCalendarDemoUITests */,
			);
		};
/* End PBXProject section */

/* Begin PBXResourcesBuildPhase section */
		FEFADBCB2721663700DAEAFA /* Resources */ = {
			isa = PBXResourcesBuildPhase;
			buildActionMask = 2147483647;
			files = (
				FEFADBDD2721663B00DAEAFA /* LaunchScreen.storyboard in Resources */,
				FEFADBDA2721663B00DAEAFA /* Assets.xcassets in Resources */,
				FEFADBD82721663700DAEAFA /* Main.storyboard in Resources */,
			);
			runOnlyForDeploymentPostprocessing = 0;
		};
		FEFADBE12721663B00DAEAFA /* Resources */ = {
			isa = PBXResourcesBuildPhase;
			buildActionMask = 2147483647;
			files = (
			);
			runOnlyForDeploymentPostprocessing = 0;
		};
		FEFADBEB2721663B00DAEAFA /* Resources */ = {
			isa = PBXResourcesBuildPhase;
			buildActionMask = 2147483647;
			files = (
			);
			runOnlyForDeploymentPostprocessing = 0;
		};
/* End PBXResourcesBuildPhase section */

/* Begin PBXSourcesBuildPhase section */
		FEFADBC92721663700DAEAFA /* Sources */ = {
			isa = PBXSourcesBuildPhase;
			buildActionMask = 2147483647;
			files = (
				FEFADBD52721663700DAEAFA /* ViewController.swift in Sources */,
				FEFADBD12721663700DAEAFA /* AppDelegate.swift in Sources */,
				FEFADBD32721663700DAEAFA /* SceneDelegate.swift in Sources */,
			);
			runOnlyForDeploymentPostprocessing = 0;
		};
		FEFADBDF2721663B00DAEAFA /* Sources */ = {
			isa = PBXSourcesBuildPhase;
			buildActionMask = 2147483647;
			files = (
				FEFADBE82721663B00DAEAFA /* JTAppleCalendarDemoTests.swift in Sources */,
			);
			runOnlyForDeploymentPostprocessing = 0;
		};
		FEFADBE92721663B00DAEAFA /* Sources */ = {
			isa = PBXSourcesBuildPhase;
			buildActionMask = 2147483647;
			files = (
				FEFADBF42721663B00DAEAFA /* JTAppleCalendarDemoUITestsLaunchTests.swift in Sources */,
				FEFADBF22721663B00DAEAFA /* JTAppleCalendarDemoUITests.swift in Sources */,
			);
			runOnlyForDeploymentPostprocessing = 0;
		};
/* End PBXSourcesBuildPhase section */

/* Begin PBXTargetDependency section */
		FEFADBE52721663B00DAEAFA /* PBXTargetDependency */ = {
			isa = PBXTargetDependency;
			target = FEFADBCC2721663700DAEAFA /* JTAppleCalendarDemo */;
			targetProxy = FEFADBE42721663B00DAEAFA /* PBXContainerItemProxy */;
		};
		FEFADBEF2721663B00DAEAFA /* PBXTargetDependency */ = {
			isa = PBXTargetDependency;
			target = FEFADBCC2721663700DAEAFA /* JTAppleCalendarDemo */;
			targetProxy = FEFADBEE2721663B00DAEAFA /* PBXContainerItemProxy */;
		};
/* End PBXTargetDependency section */

/* Begin PBXVariantGroup section */
		FEFADBD62721663700DAEAFA /* Main.storyboard */ = {
			isa = PBXVariantGroup;
			children = (
				FEFADBD72721663700DAEAFA /* Base */,
			);
			name = Main.storyboard;
			sourceTree = "<group>";
		};
		FEFADBDB2721663B00DAEAFA /* LaunchScreen.storyboard */ = {
			isa = PBXVariantGroup;
			children = (
				FEFADBDC2721663B00DAEAFA /* Base */,
			);
			name = LaunchScreen.storyboard;
			sourceTree = "<group>";
		};
/* End PBXVariantGroup section */

/* Begin XCBuildConfiguration section */
		FEFADBF52721663B00DAEAFA /* Debug */ = {
			isa = XCBuildConfiguration;
			buildSettings = {
				ALWAYS_SEARCH_USER_PATHS = NO;
				CLANG_ANALYZER_NONNULL = YES;
				CLANG_ANALYZER_NUMBER_OBJECT_CONVERSION = YES_AGGRESSIVE;
				CLANG_CXX_LANGUAGE_STANDARD = "gnu++17";
				CLANG_CXX_LIBRARY = "libc++";
				CLANG_ENABLE_MODULES = YES;
				CLANG_ENABLE_OBJC_ARC = YES;
				CLANG_ENABLE_OBJC_WEAK = YES;
				CLANG_WARN_BLOCK_CAPTURE_AUTORELEASING = YES;
				CLANG_WARN_BOOL_CONVERSION = YES;
				CLANG_WARN_COMMA = YES;
				CLANG_WARN_CONSTANT_CONVERSION = YES;
				CLANG_WARN_DEPRECATED_OBJC_IMPLEMENTATIONS = YES;
				CLANG_WARN_DIRECT_OBJC_ISA_USAGE = YES_ERROR;
				CLANG_WARN_DOCUMENTATION_COMMENTS = YES;
				CLANG_WARN_EMPTY_BODY = YES;
				CLANG_WARN_ENUM_CONVERSION = YES;
				CLANG_WARN_INFINITE_RECURSION = YES;
				CLANG_WARN_INT_CONVERSION = YES;
				CLANG_WARN_NON_LITERAL_NULL_CONVERSION = YES;
				CLANG_WARN_OBJC_IMPLICIT_RETAIN_SELF = YES;
				CLANG_WARN_OBJC_LITERAL_CONVERSION = YES;
				CLANG_WARN_OBJC_ROOT_CLASS = YES_ERROR;
				CLANG_WARN_QUOTED_INCLUDE_IN_FRAMEWORK_HEADER = YES;
				CLANG_WARN_RANGE_LOOP_ANALYSIS = YES;
				CLANG_WARN_STRICT_PROTOTYPES = YES;
				CLANG_WARN_SUSPICIOUS_MOVE = YES;
				CLANG_WARN_UNGUARDED_AVAILABILITY = YES_AGGRESSIVE;
				CLANG_WARN_UNREACHABLE_CODE = YES;
				CLANG_WARN__DUPLICATE_METHOD_MATCH = YES;
				COPY_PHASE_STRIP = NO;
				DEBUG_INFORMATION_FORMAT = dwarf;
				ENABLE_STRICT_OBJC_MSGSEND = YES;
				ENABLE_TESTABILITY = YES;
				GCC_C_LANGUAGE_STANDARD = gnu11;
				GCC_DYNAMIC_NO_PIC = NO;
				GCC_NO_COMMON_BLOCKS = YES;
				GCC_OPTIMIZATION_LEVEL = 0;
				GCC_PREPROCESSOR_DEFINITIONS = (
					"DEBUG=1",
					"$(inherited)",
				);
				GCC_WARN_64_TO_32_BIT_CONVERSION = YES;
				GCC_WARN_ABOUT_RETURN_TYPE = YES_ERROR;
				GCC_WARN_UNDECLARED_SELECTOR = YES;
				GCC_WARN_UNINITIALIZED_AUTOS = YES_AGGRESSIVE;
				GCC_WARN_UNUSED_FUNCTION = YES;
				GCC_WARN_UNUSED_VARIABLE = YES;
				IPHONEOS_DEPLOYMENT_TARGET = 15.0;
				MTL_ENABLE_DEBUG_INFO = INCLUDE_SOURCE;
				MTL_FAST_MATH = YES;
				ONLY_ACTIVE_ARCH = YES;
				SDKROOT = iphoneos;
				SWIFT_ACTIVE_COMPILATION_CONDITIONS = DEBUG;
				SWIFT_OPTIMIZATION_LEVEL = "-Onone";
			};
			name = Debug;
		};
		FEFADBF62721663B00DAEAFA /* Release */ = {
			isa = XCBuildConfiguration;
			buildSettings = {
				ALWAYS_SEARCH_USER_PATHS = NO;
				CLANG_ANALYZER_NONNULL = YES;
				CLANG_ANALYZER_NUMBER_OBJECT_CONVERSION = YES_AGGRESSIVE;
				CLANG_CXX_LANGUAGE_STANDARD = "gnu++17";
				CLANG_CXX_LIBRARY = "libc++";
				CLANG_ENABLE_MODULES = YES;
				CLANG_ENABLE_OBJC_ARC = YES;
				CLANG_ENABLE_OBJC_WEAK = YES;
				CLANG_WARN_BLOCK_CAPTURE_AUTORELEASING = YES;
				CLANG_WARN_BOOL_CONVERSION = YES;
				CLANG_WARN_COMMA = YES;
				CLANG_WARN_CONSTANT_CONVERSION = YES;
				CLANG_WARN_DEPRECATED_OBJC_IMPLEMENTATIONS = YES;
				CLANG_WARN_DIRECT_OBJC_ISA_USAGE = YES_ERROR;
				CLANG_WARN_DOCUMENTATION_COMMENTS = YES;
				CLANG_WARN_EMPTY_BODY = YES;
				CLANG_WARN_ENUM_CONVERSION = YES;
				CLANG_WARN_INFINITE_RECURSION = YES;
				CLANG_WARN_INT_CONVERSION = YES;
				CLANG_WARN_NON_LITERAL_NULL_CONVERSION = YES;
				CLANG_WARN_OBJC_IMPLICIT_RETAIN_SELF = YES;
				CLANG_WARN_OBJC_LITERAL_CONVERSION = YES;
				CLANG_WARN_OBJC_ROOT_CLASS = YES_ERROR;
				CLANG_WARN_QUOTED_INCLUDE_IN_FRAMEWORK_HEADER = YES;
				CLANG_WARN_RANGE_LOOP_ANALYSIS = YES;
				CLANG_WARN_STRICT_PROTOTYPES = YES;
				CLANG_WARN_SUSPICIOUS_MOVE = YES;
				CLANG_WARN_UNGUARDED_AVAILABILITY = YES_AGGRESSIVE;
				CLANG_WARN_UNREACHABLE_CODE = YES;
				CLANG_WARN__DUPLICATE_METHOD_MATCH = YES;
				COPY_PHASE_STRIP = NO;
				DEBUG_INFORMATION_FORMAT = "dwarf-with-dsym";
				ENABLE_NS_ASSERTIONS = NO;
				ENABLE_STRICT_OBJC_MSGSEND = YES;
				GCC_C_LANGUAGE_STANDARD = gnu11;
				GCC_NO_COMMON_BLOCKS = YES;
				GCC_WARN_64_TO_32_BIT_CONVERSION = YES;
				GCC_WARN_ABOUT_RETURN_TYPE = YES_ERROR;
				GCC_WARN_UNDECLARED_SELECTOR = YES;
				GCC_WARN_UNINITIALIZED_AUTOS = YES_AGGRESSIVE;
				GCC_WARN_UNUSED_FUNCTION = YES;
				GCC_WARN_UNUSED_VARIABLE = YES;
				IPHONEOS_DEPLOYMENT_TARGET = 15.0;
				MTL_ENABLE_DEBUG_INFO = NO;
				MTL_FAST_MATH = YES;
				SDKROOT = iphoneos;
				SWIFT_COMPILATION_MODE = wholemodule;
				SWIFT_OPTIMIZATION_LEVEL = "-O";
				VALIDATE_PRODUCT = YES;
			};
			name = Release;
		};
		FEFADBF82721663B00DAEAFA /* Debug */ = {
			isa = XCBuildConfiguration;
			buildSettings = {
				ASSETCATALOG_COMPILER_APPICON_NAME = AppIcon;
				ASSETCATALOG_COMPILER_GLOBAL_ACCENT_COLOR_NAME = AccentColor;
				CODE_SIGN_STYLE = Automatic;
				CURRENT_PROJECT_VERSION = 1;
				GENERATE_INFOPLIST_FILE = YES;
				INFOPLIST_FILE = JTAppleCalendarDemo/Info.plist;
				INFOPLIST_KEY_UIApplicationSupportsIndirectInputEvents = YES;
				INFOPLIST_KEY_UILaunchStoryboardName = LaunchScreen;
				INFOPLIST_KEY_UIMainStoryboardFile = Main;
				INFOPLIST_KEY_UISupportedInterfaceOrientations_iPad = "UIInterfaceOrientationPortrait UIInterfaceOrientationPortraitUpsideDown UIInterfaceOrientationLandscapeLeft UIInterfaceOrientationLandscapeRight";
				INFOPLIST_KEY_UISupportedInterfaceOrientations_iPhone = "UIInterfaceOrientationPortrait UIInterfaceOrientationLandscapeLeft UIInterfaceOrientationLandscapeRight";
				LD_RUNPATH_SEARCH_PATHS = (
					"$(inherited)",
					"@executable_path/Frameworks",
				);
				MARKETING_VERSION = 1.0;
				PRODUCT_BUNDLE_IDENTIFIER = TrucPham.JTAppleCalendarDemo;
				PRODUCT_NAME = "$(TARGET_NAME)";
				SWIFT_EMIT_LOC_STRINGS = YES;
				SWIFT_VERSION = 5.0;
				TARGETED_DEVICE_FAMILY = "1,2";
			};
			name = Debug;
		};
		FEFADBF92721663B00DAEAFA /* Release */ = {
			isa = XCBuildConfiguration;
			buildSettings = {
				ASSETCATALOG_COMPILER_APPICON_NAME = AppIcon;
				ASSETCATALOG_COMPILER_GLOBAL_ACCENT_COLOR_NAME = AccentColor;
				CODE_SIGN_STYLE = Automatic;
				CURRENT_PROJECT_VERSION = 1;
				GENERATE_INFOPLIST_FILE = YES;
				INFOPLIST_FILE = JTAppleCalendarDemo/Info.plist;
				INFOPLIST_KEY_UIApplicationSupportsIndirectInputEvents = YES;
				INFOPLIST_KEY_UILaunchStoryboardName = LaunchScreen;
				INFOPLIST_KEY_UIMainStoryboardFile = Main;
				INFOPLIST_KEY_UISupportedInterfaceOrientations_iPad = "UIInterfaceOrientationPortrait UIInterfaceOrientationPortraitUpsideDown UIInterfaceOrientationLandscapeLeft UIInterfaceOrientationLandscapeRight";
				INFOPLIST_KEY_UISupportedInterfaceOrientations_iPhone = "UIInterfaceOrientationPortrait UIInterfaceOrientationLandscapeLeft UIInterfaceOrientationLandscapeRight";
				LD_RUNPATH_SEARCH_PATHS = (
					"$(inherited)",
					"@executable_path/Frameworks",
				);
				MARKETING_VERSION = 1.0;
				PRODUCT_BUNDLE_IDENTIFIER = TrucPham.JTAppleCalendarDemo;
				PRODUCT_NAME = "$(TARGET_NAME)";
				SWIFT_EMIT_LOC_STRINGS = YES;
				SWIFT_VERSION = 5.0;
				TARGETED_DEVICE_FAMILY = "1,2";
			};
			name = Release;
		};
		FEFADBFB2721663B00DAEAFA /* Debug */ = {
			isa = XCBuildConfiguration;
			buildSettings = {
				ALWAYS_EMBED_SWIFT_STANDARD_LIBRARIES = YES;
				BUNDLE_LOADER = "$(TEST_HOST)";
				CODE_SIGN_STYLE = Automatic;
				CURRENT_PROJECT_VERSION = 1;
				GENERATE_INFOPLIST_FILE = YES;
				IPHONEOS_DEPLOYMENT_TARGET = 15.0;
				LD_RUNPATH_SEARCH_PATHS = (
					"$(inherited)",
					"@executable_path/Frameworks",
					"@loader_path/Frameworks",
				);
				MARKETING_VERSION = 1.0;
				PRODUCT_BUNDLE_IDENTIFIER = TrucPham.JTAppleCalendarDemoTests;
				PRODUCT_NAME = "$(TARGET_NAME)";
				SWIFT_EMIT_LOC_STRINGS = NO;
				SWIFT_VERSION = 5.0;
				TARGETED_DEVICE_FAMILY = "1,2";
				TEST_HOST = "$(BUILT_PRODUCTS_DIR)/JTAppleCalendarDemo.app/JTAppleCalendarDemo";
			};
			name = Debug;
		};
		FEFADBFC2721663B00DAEAFA /* Release */ = {
			isa = XCBuildConfiguration;
			buildSettings = {
				ALWAYS_EMBED_SWIFT_STANDARD_LIBRARIES = YES;
				BUNDLE_LOADER = "$(TEST_HOST)";
				CODE_SIGN_STYLE = Automatic;
				CURRENT_PROJECT_VERSION = 1;
				GENERATE_INFOPLIST_FILE = YES;
				IPHONEOS_DEPLOYMENT_TARGET = 15.0;
				LD_RUNPATH_SEARCH_PATHS = (
					"$(inherited)",
					"@executable_path/Frameworks",
					"@loader_path/Frameworks",
				);
				MARKETING_VERSION = 1.0;
				PRODUCT_BUNDLE_IDENTIFIER = TrucPham.JTAppleCalendarDemoTests;
				PRODUCT_NAME = "$(TARGET_NAME)";
				SWIFT_EMIT_LOC_STRINGS = NO;
				SWIFT_VERSION = 5.0;
				TARGETED_DEVICE_FAMILY = "1,2";
				TEST_HOST = "$(BUILT_PRODUCTS_DIR)/JTAppleCalendarDemo.app/JTAppleCalendarDemo";
			};
			name = Release;
		};
		FEFADBFE2721663B00DAEAFA /* Debug */ = {
			isa = XCBuildConfiguration;
			buildSettings = {
				ALWAYS_EMBED_SWIFT_STANDARD_LIBRARIES = YES;
				CODE_SIGN_STYLE = Automatic;
				CURRENT_PROJECT_VERSION = 1;
				GENERATE_INFOPLIST_FILE = YES;
				LD_RUNPATH_SEARCH_PATHS = (
					"$(inherited)",
					"@executable_path/Frameworks",
					"@loader_path/Frameworks",
				);
				MARKETING_VERSION = 1.0;
				PRODUCT_BUNDLE_IDENTIFIER = TrucPham.JTAppleCalendarDemoUITests;
				PRODUCT_NAME = "$(TARGET_NAME)";
				SWIFT_EMIT_LOC_STRINGS = NO;
				SWIFT_VERSION = 5.0;
				TARGETED_DEVICE_FAMILY = "1,2";
				TEST_TARGET_NAME = JTAppleCalendarDemo;
			};
			name = Debug;
		};
		FEFADBFF2721663B00DAEAFA /* Release */ = {
			isa = XCBuildConfiguration;
			buildSettings = {
				ALWAYS_EMBED_SWIFT_STANDARD_LIBRARIES = YES;
				CODE_SIGN_STYLE = Automatic;
				CURRENT_PROJECT_VERSION = 1;
				GENERATE_INFOPLIST_FILE = YES;
				LD_RUNPATH_SEARCH_PATHS = (
					"$(inherited)",
					"@executable_path/Frameworks",
					"@loader_path/Frameworks",
				);
				MARKETING_VERSION = 1.0;
				PRODUCT_BUNDLE_IDENTIFIER = TrucPham.JTAppleCalendarDemoUITests;
				PRODUCT_NAME = "$(TARGET_NAME)";
				SWIFT_EMIT_LOC_STRINGS = NO;
				SWIFT_VERSION = 5.0;
				TARGETED_DEVICE_FAMILY = "1,2";
				TEST_TARGET_NAME = JTAppleCalendarDemo;
			};
			name = Release;
		};
/* End XCBuildConfiguration section */

/* Begin XCConfigurationList section */
		FEFADBC82721663700DAEAFA /* Build configuration list for PBXProject "JTAppleCalendarDemo" */ = {
			isa = XCConfigurationList;
			buildConfigurations = (
				FEFADBF52721663B00DAEAFA /* Debug */,
				FEFADBF62721663B00DAEAFA /* Release */,
			);
			defaultConfigurationIsVisible = 0;
			defaultConfigurationName = Release;
		};
		FEFADBF72721663B00DAEAFA /* Build configuration list for PBXNativeTarget "JTAppleCalendarDemo" */ = {
			isa = XCConfigurationList;
			buildConfigurations = (
				FEFADBF82721663B00DAEAFA /* Debug */,
				FEFADBF92721663B00DAEAFA /* Release */,
			);
			defaultConfigurationIsVisible = 0;
			defaultConfigurationName = Release;
		};
		FEFADBFA2721663B00DAEAFA /* Build configuration list for PBXNativeTarget "JTAppleCalendarDemoTests" */ = {
			isa = XCConfigurationList;
			buildConfigurations = (
				FEFADBFB2721663B00DAEAFA /* Debug */,
				FEFADBFC2721663B00DAEAFA /* Release */,
			);
			defaultConfigurationIsVisible = 0;
			defaultConfigurationName = Release;
		};
		FEFADBFD2721663B00DAEAFA /* Build configuration list for PBXNativeTarget "JTAppleCalendarDemoUITests" */ = {
			isa = XCConfigurationList;
			buildConfigurations = (
				FEFADBFE2721663B00DAEAFA /* Debug */,
				FEFADBFF2721663B00DAEAFA /* Release */,
			);
			defaultConfigurationIsVisible = 0;
			defaultConfigurationName = Release;
		};
/* End XCConfigurationList section */
	};
	rootObject = FEFADBC52721663700DAEAFA /* Project object */;
}
